# This file was autogenerated by Stack.
# You should not edit this file by hand.
# For more information, please see the documentation at:
#   https://docs.haskellstack.org/en/stable/lock_files

packages:
- completed:
    size: 1373503
    subdir: clash-ghc
    url: https://github.com/clash-lang/clash-compiler/archive/4f685db373b88b5bc4f179b769fc9fd04a22a553.tar.gz
    cabal-file:
      size: 8070
      sha256: bd43a531ea00b80c0aa07db9e3a55836ef7ffcdfa9f0ee0320f9b6791cf1514d
    name: clash-ghc
    version: 1.3.0
    sha256: a94d38e922034ae8f7e2e5cf8e97c4e0a834a692cbae1f7f1011d51f1a10e469
    pantry-tree:
      size: 2842
      sha256: 8ecefb9fe6456e07fe26596b632e1b6c4f5930a552d74ef40c215890613974cc
  original:
    subdir: clash-ghc
    url: https://github.com/clash-lang/clash-compiler/archive/4f685db373b88b5bc4f179b769fc9fd04a22a553.tar.gz
- completed:
    size: 1373503
    subdir: clash-prelude
    url: https://github.com/clash-lang/clash-compiler/archive/4f685db373b88b5bc4f179b769fc9fd04a22a553.tar.gz
    cabal-file:
      size: 15280
      sha256: 8877eea8bb1ba6ef73774c10263c369760054d024752ccea17612ba5089d281b
    name: clash-prelude
    version: 1.3.0
    sha256: a94d38e922034ae8f7e2e5cf8e97c4e0a834a692cbae1f7f1011d51f1a10e469
    pantry-tree:
      size: 12800
      sha256: db9e312b03907987794409991c9ffafdb6e2c5f3b51524cc3ff815e7c63cadf4
  original:
    subdir: clash-prelude
    url: https://github.com/clash-lang/clash-compiler/archive/4f685db373b88b5bc4f179b769fc9fd04a22a553.tar.gz
- completed:
    size: 1373503
    subdir: clash-lib
    url: https://github.com/clash-lang/clash-compiler/archive/4f685db373b88b5bc4f179b769fc9fd04a22a553.tar.gz
    cabal-file:
      size: 10901
      sha256: 0ad24086c42948ad13eda2834678b5c9468745e811411274d6f27202b4931083
    name: clash-lib
    version: 1.3.0
    sha256: a94d38e922034ae8f7e2e5cf8e97c4e0a834a692cbae1f7f1011d51f1a10e469
    pantry-tree:
      size: 16625
      sha256: 3c4b79a4ebd644469a042e9efd7eb1b4b14683e654a8742bfd19c0a0b951b1cd
  original:
    subdir: clash-lib
    url: https://github.com/clash-lang/clash-compiler/archive/4f685db373b88b5bc4f179b769fc9fd04a22a553.tar.gz
- completed:
    hackage: concurrent-supply-0.1.8@sha256:9373f4868ad28936a7b93781b214ef4afdeacf377ef4ac729583073491c9f9fb,1627
    pantry-tree:
      size: 400
      sha256: bdfaa167ae3249f858ba248aea2e9b97ab9b13af6e68c73b7c3192e717e11b83
  original:
    hackage: concurrent-supply-0.1.8
- completed:
    hackage: shake-0.18.2@sha256:0d6a5df63fe1a5c0a6d75ee86e36306cce8306f790ac8c1f791d65757ff62101,14806
    pantry-tree:
      size: 11991
      sha256: c65170e2f7c3369dbd487a7ab7e1a3542dbc943f05eacca12950001e3414ebfb
  original:
    hackage: shake-0.18.2
- completed:
    size: 5982
    url: https://github.com/gergoerdi/clashilator/archive/9e7dc6ab4878db66bdbbbd8f5aad6567c6f060bd.tar.gz
    cabal-file:
      size: 1357
      sha256: cce3c2cb4f6f12ebd2ca0e5f27689c739e188bc54506e1030767e97bdea91c28
    name: clashilator
    version: 0.1.0
    sha256: 9ed3f4cc4836a3c31a8c2c9e13270daa20832ae32ff6dc8fb697ba7b1948441e
    pantry-tree:
      size: 794
      sha256: dd5193e1b437d3af1fb637ca386f9a72d64431a136e37d7b1f5a7ead2f72bafe
  original:
    url: https://github.com/gergoerdi/clashilator/archive/9e7dc6ab4878db66bdbbbd8f5aad6567c6f060bd.tar.gz
snapshots:
- completed:
    size: 492027
    url: https://raw.githubusercontent.com/commercialhaskell/stackage-snapshots/master/lts/15/9.yaml
    sha256: 11394dc975e96c2fea90f7f2b3229630d46351a092ebcec78f0a56403930b429
  original: lts-15.9
